
Microsoft Visual Studio Solution File, Format Version 12.00
# Visual Studio 15
VisualStudioVersion = 15.0.28010.2003
MinimumVisualStudioVersion = 10.0.40219.1
Project("{9A19103F-16F7-4668-BE54-9A1E7A4F7556}") = "ReverseNumbers", "ReverseNumbers\ReverseNumbers.csproj", "{0D19AC8E-D8FB-4DEF-BAFD-67DB3A7B9876}"
EndProject
Project("{9A19103F-16F7-4668-BE54-9A1E7A4F7556}") = "SimpleCalculations", "SimpleCalculations\SimpleCalculations.csproj", "{9818A349-E097-4950-9976-2B8D899BEBEF}"
EndProject
Project("{9A19103F-16F7-4668-BE54-9A1E7A4F7556}") = "MatchingBrackets", "MatchingBrackets\MatchingBrackets.csproj", "{166020B7-D75E-4E5D-90D9-6DBC76408791}"
EndProject
Project("{9A19103F-16F7-4668-BE54-9A1E7A4F7556}") = "BalancedParantheses", "BalancedParantheses\BalancedParantheses.csproj", "{FB7B5AB5-07CD-410D-8ABB-60B81F9486FB}"
EndProject
Project("{9A19103F-16F7-4668-BE54-9A1E7A4F7556}") = "HotPotato", "HotPotato\HotPotato.csproj", "{3F932BDB-9E3B-4460-9E60-4E03338C9082}"
EndProject
Project("{9A19103F-16F7-4668-BE54-9A1E7A4F7556}") = "BasicStackOperations", "BasicStackOperations\BasicStackOperations.csproj", "{FF67CE55-DFE8-4A3D-BEB8-4C59E3504919}"
EndProject
Project("{9A19103F-16F7-4668-BE54-9A1E7A4F7556}") = "ReverseNumbersCorrect", "ReverseNumbersCorrect\ReverseNumbersCorrect.csproj", "{B16CE577-6258-4F95-9243-4BDAA5E4E504}"
EndProject
Project("{9A19103F-16F7-4668-BE54-9A1E7A4F7556}") = "BasicStackOperationsCorrect", "BasicStackOperationsCorrect\BasicStackOperationsCorrect.csproj", "{FC3B880E-FD96-4F2E-A47D-5B7FAED682D3}"
EndProject
Project("{9A19103F-16F7-4668-BE54-9A1E7A4F7556}") = "MaximumElement", "MaximumElement\MaximumElement.csproj", "{3A83CF49-7ABC-47E7-AD5F-AA93ACB3AA77}"
EndProject
Project("{9A19103F-16F7-4668-BE54-9A1E7A4F7556}") = "BasicQueueOperations", "BasicQueueOperations\BasicQueueOperations.csproj", "{A935956F-1AD4-4D3B-ACA7-0E55D6578FA0}"
EndProject
Project("{9A19103F-16F7-4668-BE54-9A1E7A4F7556}") = "SequenceWithQueue", "SequenceWithQueue\SequenceWithQueue.csproj", "{53CDBA6D-A78F-441E-8CCB-2FDBA172839C}"
EndProject
Project("{9A19103F-16F7-4668-BE54-9A1E7A4F7556}") = "TruckTour", "TruckTour\TruckTour.csproj", "{05BD2B2F-9233-4FC4-ACC6-0BB7CE45138F}"
EndProject
Project("{9A19103F-16F7-4668-BE54-9A1E7A4F7556}") = "PoisonousPlants", "PoisonousPlants\PoisonousPlants.csproj", "{1166D688-2CBC-4C62-867C-5379F6AB6551}"
EndProject
Project("{9A19103F-16F7-4668-BE54-9A1E7A4F7556}") = "BalancedParanthesesCorrect", "BalancedParanthesesCorrect\BalancedParanthesesCorrect.csproj", "{2A441287-DCDF-486D-B77C-F3F147DF8B62}"
EndProject
Project("{9A19103F-16F7-4668-BE54-9A1E7A4F7556}") = "SimpleTextEditor", "SimpleTextEditor\SimpleTextEditor.csproj", "{152708DE-651C-4F36-B0A1-A75A1A4A9B83}"
EndProject
Project("{9A19103F-16F7-4668-BE54-9A1E7A4F7556}") = "RecursiveFibonacci", "RecursiveFibonacci\RecursiveFibonacci.csproj", "{A8C970C1-56B8-4DF4-91B1-02FE373EEF7C}"
EndProject
Project("{2150E333-8FDC-42A3-9474-1A3956D46DE8}") = "MultidimensionalArrays", "MultidimensionalArrays", "{8B648CD7-ABD0-43C7-B6A8-F5399DFE657D}"
EndProject
Project("{2150E333-8FDC-42A3-9474-1A3956D46DE8}") = "StacksAndQueues", "StacksAndQueues", "{68D41FE2-AF4C-4380-ABEF-FCC4E9DD51B9}"
EndProject
Project("{9A19103F-16F7-4668-BE54-9A1E7A4F7556}") = "SumMatrixElements", "SumMatrixElements\SumMatrixElements.csproj", "{9CD27AD5-E092-4D63-85FF-94678A43FDB4}"
EndProject
Project("{9A19103F-16F7-4668-BE54-9A1E7A4F7556}") = "SquareWithMaximumSum", "SquareWithMaximumSum\SquareWithMaximumSum.csproj", "{36E81EAC-15D2-454D-A995-1BC4EEA409E6}"
EndProject
Project("{9A19103F-16F7-4668-BE54-9A1E7A4F7556}") = "GroupNumbers", "GroupNumbers\GroupNumbers.csproj", "{F1CAF5F1-2595-4772-8E7A-CC6DB69A50F6}"
EndProject
Project("{9A19103F-16F7-4668-BE54-9A1E7A4F7556}") = "1.MatrixOfPalindromes", "1.MatrixOfPalindromes\1.MatrixOfPalindromes.csproj", "{39BACEDD-F37A-405B-A780-EA9D644FDFDD}"
EndProject
Project("{9A19103F-16F7-4668-BE54-9A1E7A4F7556}") = "DiagonalDifference", "DiagonalDifference\DiagonalDifference.csproj", "{5DFD13DA-BDEC-42EF-B554-3557B5A503F9}"
EndProject
Project("{9A19103F-16F7-4668-BE54-9A1E7A4F7556}") = "2x2SquaresInMatrix", "2x2SquaresInMatrix\2x2SquaresInMatrix.csproj", "{E55C1023-A02A-40E4-8E6E-B306DFED8266}"
EndProject
Project("{9A19103F-16F7-4668-BE54-9A1E7A4F7556}") = "3x3MaximalSum", "3x3MaximalSum\3x3MaximalSum.csproj", "{2760CC90-B630-43F2-8C9B-BCFFBF497C9E}"
EndProject
Project("{9A19103F-16F7-4668-BE54-9A1E7A4F7556}") = "RubiksMatrix", "RubiksMatrix\RubiksMatrix.csproj", "{0B84360D-16A4-460F-AC33-9D308522E75C}"
EndProject
Project("{9A19103F-16F7-4668-BE54-9A1E7A4F7556}") = "TargetPractice", "TargetPractice\TargetPractice.csproj", "{6363BB5A-3D05-4D2F-AD50-795886C5597E}"
EndProject
Project("{9A19103F-16F7-4668-BE54-9A1E7A4F7556}") = "TheHeiganDance", "TheHeiganDance\TheHeiganDance.csproj", "{8075CAD5-0BEC-4E9E-904D-A846E263C758}"
EndProject
Project("{9A19103F-16F7-4668-BE54-9A1E7A4F7556}") = "LegoBlocks", "LegoBlocks\LegoBlocks.csproj", "{B0DF6F3F-866C-4701-A4AF-806B45492569}"
EndProject
Project("{9A19103F-16F7-4668-BE54-9A1E7A4F7556}") = "RadioactiveBunnies", "RadioactiveBunnies\RadioactiveBunnies.csproj", "{12C653BE-E433-48BE-8FC7-872C69639B65}"
EndProject
Project("{9A19103F-16F7-4668-BE54-9A1E7A4F7556}") = "Crossfire", "Crossfire\Crossfire.csproj", "{37D5124F-359A-43DC-A457-2C634059FE88}"
EndProject
Project("{9A19103F-16F7-4668-BE54-9A1E7A4F7556}") = "StringMatrixRotation", "StringMatrixRotation\StringMatrixRotation.csproj", "{8E4F5FAF-DA17-4113-8879-D0CA63F1065F}"
EndProject
Project("{9A19103F-16F7-4668-BE54-9A1E7A4F7556}") = "ParkingSystem", "ParkingSystem\ParkingSystem.csproj", "{84C0D410-C995-4C52-8DF9-4DE3F65F7A60}"
EndProject
Project("{2150E333-8FDC-42A3-9474-1A3956D46DE8}") = "Streams", "Streams", "{0D97030B-64AF-468F-8768-CD44BB85C1D7}"
EndProject
Project("{9A19103F-16F7-4668-BE54-9A1E7A4F7556}") = "Ex1", "Ex1\Ex1.csproj", "{A9E4F56A-1946-456B-BF44-D9BECF6EF7C2}"
EndProject
Project("{9A19103F-16F7-4668-BE54-9A1E7A4F7556}") = "Ex2", "Ex2\Ex2.csproj", "{79905930-BABF-4D99-A19B-E530D0FBABE4}"
EndProject
Project("{9A19103F-16F7-4668-BE54-9A1E7A4F7556}") = "OddLines", "OddLines\OddLines.csproj", "{7B52FD15-2BD7-4414-B6AB-D45DBACFBBC0}"
EndProject
Project("{9A19103F-16F7-4668-BE54-9A1E7A4F7556}") = "LineNumbers", "LineNumbers\LineNumbers.csproj", "{E7F54E30-B260-4D7A-89D9-C2601F95BD1E}"
EndProject
Project("{9A19103F-16F7-4668-BE54-9A1E7A4F7556}") = "WordCount", "WordCount\WordCount.csproj", "{E7C36259-49E8-477E-BAF4-2D95689F1F79}"
EndProject
Project("{9A19103F-16F7-4668-BE54-9A1E7A4F7556}") = "CopyBinaryFile", "CopyBinaryFile\CopyBinaryFile.csproj", "{40758C08-F51E-4DD3-9D6F-35BC56403FDA}"
EndProject
Project("{9A19103F-16F7-4668-BE54-9A1E7A4F7556}") = "DirectoryTraversal", "DirectoryTraversal\DirectoryTraversal.csproj", "{652D111A-C146-423D-B454-6BD4A46C23F4}"
EndProject
Project("{FAE04EC0-301F-11D3-BF4B-00C04F79EFBC}") = "05.SlicingFile", "05.SlicingFile\05.SlicingFile.csproj", "{B1A61184-D5F8-4752-95AB-82CAFC741EA2}"
EndProject
Project("{FAE04EC0-301F-11D3-BF4B-00C04F79EFBC}") = "HTTPServer", "HTTPServer\HTTPServer.csproj", "{EAE2DC02-23CF-4BF7-A0FF-1108DAC11D85}"
EndProject
Project("{FAE04EC0-301F-11D3-BF4B-00C04F79EFBC}") = "ZippingSlicedFile", "ZippingSlicedFile\ZippingSlicedFile.csproj", "{90B8CE20-7BE8-4E14-9891-5A6CFC945E3E}"
EndProject
Global
	GlobalSection(SolutionConfigurationPlatforms) = preSolution
		Debug|Any CPU = Debug|Any CPU
		Release|Any CPU = Release|Any CPU
	EndGlobalSection
	GlobalSection(ProjectConfigurationPlatforms) = postSolution
		{0D19AC8E-D8FB-4DEF-BAFD-67DB3A7B9876}.Debug|Any CPU.ActiveCfg = Debug|Any CPU
		{0D19AC8E-D8FB-4DEF-BAFD-67DB3A7B9876}.Debug|Any CPU.Build.0 = Debug|Any CPU
		{0D19AC8E-D8FB-4DEF-BAFD-67DB3A7B9876}.Release|Any CPU.ActiveCfg = Release|Any CPU
		{0D19AC8E-D8FB-4DEF-BAFD-67DB3A7B9876}.Release|Any CPU.Build.0 = Release|Any CPU
		{9818A349-E097-4950-9976-2B8D899BEBEF}.Debug|Any CPU.ActiveCfg = Debug|Any CPU
		{9818A349-E097-4950-9976-2B8D899BEBEF}.Debug|Any CPU.Build.0 = Debug|Any CPU
		{9818A349-E097-4950-9976-2B8D899BEBEF}.Release|Any CPU.ActiveCfg = Release|Any CPU
		{9818A349-E097-4950-9976-2B8D899BEBEF}.Release|Any CPU.Build.0 = Release|Any CPU
		{166020B7-D75E-4E5D-90D9-6DBC76408791}.Debug|Any CPU.ActiveCfg = Debug|Any CPU
		{166020B7-D75E-4E5D-90D9-6DBC76408791}.Debug|Any CPU.Build.0 = Debug|Any CPU
		{166020B7-D75E-4E5D-90D9-6DBC76408791}.Release|Any CPU.ActiveCfg = Release|Any CPU
		{166020B7-D75E-4E5D-90D9-6DBC76408791}.Release|Any CPU.Build.0 = Release|Any CPU
		{FB7B5AB5-07CD-410D-8ABB-60B81F9486FB}.Debug|Any CPU.ActiveCfg = Debug|Any CPU
		{FB7B5AB5-07CD-410D-8ABB-60B81F9486FB}.Debug|Any CPU.Build.0 = Debug|Any CPU
		{FB7B5AB5-07CD-410D-8ABB-60B81F9486FB}.Release|Any CPU.ActiveCfg = Release|Any CPU
		{FB7B5AB5-07CD-410D-8ABB-60B81F9486FB}.Release|Any CPU.Build.0 = Release|Any CPU
		{3F932BDB-9E3B-4460-9E60-4E03338C9082}.Debug|Any CPU.ActiveCfg = Debug|Any CPU
		{3F932BDB-9E3B-4460-9E60-4E03338C9082}.Debug|Any CPU.Build.0 = Debug|Any CPU
		{3F932BDB-9E3B-4460-9E60-4E03338C9082}.Release|Any CPU.ActiveCfg = Release|Any CPU
		{3F932BDB-9E3B-4460-9E60-4E03338C9082}.Release|Any CPU.Build.0 = Release|Any CPU
		{FF67CE55-DFE8-4A3D-BEB8-4C59E3504919}.Debug|Any CPU.ActiveCfg = Debug|Any CPU
		{FF67CE55-DFE8-4A3D-BEB8-4C59E3504919}.Debug|Any CPU.Build.0 = Debug|Any CPU
		{FF67CE55-DFE8-4A3D-BEB8-4C59E3504919}.Release|Any CPU.ActiveCfg = Release|Any CPU
		{FF67CE55-DFE8-4A3D-BEB8-4C59E3504919}.Release|Any CPU.Build.0 = Release|Any CPU
		{B16CE577-6258-4F95-9243-4BDAA5E4E504}.Debug|Any CPU.ActiveCfg = Debug|Any CPU
		{B16CE577-6258-4F95-9243-4BDAA5E4E504}.Debug|Any CPU.Build.0 = Debug|Any CPU
		{B16CE577-6258-4F95-9243-4BDAA5E4E504}.Release|Any CPU.ActiveCfg = Release|Any CPU
		{B16CE577-6258-4F95-9243-4BDAA5E4E504}.Release|Any CPU.Build.0 = Release|Any CPU
		{FC3B880E-FD96-4F2E-A47D-5B7FAED682D3}.Debug|Any CPU.ActiveCfg = Debug|Any CPU
		{FC3B880E-FD96-4F2E-A47D-5B7FAED682D3}.Debug|Any CPU.Build.0 = Debug|Any CPU
		{FC3B880E-FD96-4F2E-A47D-5B7FAED682D3}.Release|Any CPU.ActiveCfg = Release|Any CPU
		{FC3B880E-FD96-4F2E-A47D-5B7FAED682D3}.Release|Any CPU.Build.0 = Release|Any CPU
		{3A83CF49-7ABC-47E7-AD5F-AA93ACB3AA77}.Debug|Any CPU.ActiveCfg = Debug|Any CPU
		{3A83CF49-7ABC-47E7-AD5F-AA93ACB3AA77}.Debug|Any CPU.Build.0 = Debug|Any CPU
		{3A83CF49-7ABC-47E7-AD5F-AA93ACB3AA77}.Release|Any CPU.ActiveCfg = Release|Any CPU
		{3A83CF49-7ABC-47E7-AD5F-AA93ACB3AA77}.Release|Any CPU.Build.0 = Release|Any CPU
		{A935956F-1AD4-4D3B-ACA7-0E55D6578FA0}.Debug|Any CPU.ActiveCfg = Debug|Any CPU
		{A935956F-1AD4-4D3B-ACA7-0E55D6578FA0}.Debug|Any CPU.Build.0 = Debug|Any CPU
		{A935956F-1AD4-4D3B-ACA7-0E55D6578FA0}.Release|Any CPU.ActiveCfg = Release|Any CPU
		{A935956F-1AD4-4D3B-ACA7-0E55D6578FA0}.Release|Any CPU.Build.0 = Release|Any CPU
		{53CDBA6D-A78F-441E-8CCB-2FDBA172839C}.Debug|Any CPU.ActiveCfg = Debug|Any CPU
		{53CDBA6D-A78F-441E-8CCB-2FDBA172839C}.Debug|Any CPU.Build.0 = Debug|Any CPU
		{53CDBA6D-A78F-441E-8CCB-2FDBA172839C}.Release|Any CPU.ActiveCfg = Release|Any CPU
		{53CDBA6D-A78F-441E-8CCB-2FDBA172839C}.Release|Any CPU.Build.0 = Release|Any CPU
		{05BD2B2F-9233-4FC4-ACC6-0BB7CE45138F}.Debug|Any CPU.ActiveCfg = Debug|Any CPU
		{05BD2B2F-9233-4FC4-ACC6-0BB7CE45138F}.Debug|Any CPU.Build.0 = Debug|Any CPU
		{05BD2B2F-9233-4FC4-ACC6-0BB7CE45138F}.Release|Any CPU.ActiveCfg = Release|Any CPU
		{05BD2B2F-9233-4FC4-ACC6-0BB7CE45138F}.Release|Any CPU.Build.0 = Release|Any CPU
		{1166D688-2CBC-4C62-867C-5379F6AB6551}.Debug|Any CPU.ActiveCfg = Debug|Any CPU
		{1166D688-2CBC-4C62-867C-5379F6AB6551}.Debug|Any CPU.Build.0 = Debug|Any CPU
		{1166D688-2CBC-4C62-867C-5379F6AB6551}.Release|Any CPU.ActiveCfg = Release|Any CPU
		{1166D688-2CBC-4C62-867C-5379F6AB6551}.Release|Any CPU.Build.0 = Release|Any CPU
		{2A441287-DCDF-486D-B77C-F3F147DF8B62}.Debug|Any CPU.ActiveCfg = Debug|Any CPU
		{2A441287-DCDF-486D-B77C-F3F147DF8B62}.Debug|Any CPU.Build.0 = Debug|Any CPU
		{2A441287-DCDF-486D-B77C-F3F147DF8B62}.Release|Any CPU.ActiveCfg = Release|Any CPU
		{2A441287-DCDF-486D-B77C-F3F147DF8B62}.Release|Any CPU.Build.0 = Release|Any CPU
		{152708DE-651C-4F36-B0A1-A75A1A4A9B83}.Debug|Any CPU.ActiveCfg = Debug|Any CPU
		{152708DE-651C-4F36-B0A1-A75A1A4A9B83}.Debug|Any CPU.Build.0 = Debug|Any CPU
		{152708DE-651C-4F36-B0A1-A75A1A4A9B83}.Release|Any CPU.ActiveCfg = Release|Any CPU
		{152708DE-651C-4F36-B0A1-A75A1A4A9B83}.Release|Any CPU.Build.0 = Release|Any CPU
		{A8C970C1-56B8-4DF4-91B1-02FE373EEF7C}.Debug|Any CPU.ActiveCfg = Debug|Any CPU
		{A8C970C1-56B8-4DF4-91B1-02FE373EEF7C}.Debug|Any CPU.Build.0 = Debug|Any CPU
		{A8C970C1-56B8-4DF4-91B1-02FE373EEF7C}.Release|Any CPU.ActiveCfg = Release|Any CPU
		{A8C970C1-56B8-4DF4-91B1-02FE373EEF7C}.Release|Any CPU.Build.0 = Release|Any CPU
		{9CD27AD5-E092-4D63-85FF-94678A43FDB4}.Debug|Any CPU.ActiveCfg = Debug|Any CPU
		{9CD27AD5-E092-4D63-85FF-94678A43FDB4}.Debug|Any CPU.Build.0 = Debug|Any CPU
		{9CD27AD5-E092-4D63-85FF-94678A43FDB4}.Release|Any CPU.ActiveCfg = Release|Any CPU
		{9CD27AD5-E092-4D63-85FF-94678A43FDB4}.Release|Any CPU.Build.0 = Release|Any CPU
		{36E81EAC-15D2-454D-A995-1BC4EEA409E6}.Debug|Any CPU.ActiveCfg = Debug|Any CPU
		{36E81EAC-15D2-454D-A995-1BC4EEA409E6}.Debug|Any CPU.Build.0 = Debug|Any CPU
		{36E81EAC-15D2-454D-A995-1BC4EEA409E6}.Release|Any CPU.ActiveCfg = Release|Any CPU
		{36E81EAC-15D2-454D-A995-1BC4EEA409E6}.Release|Any CPU.Build.0 = Release|Any CPU
		{F1CAF5F1-2595-4772-8E7A-CC6DB69A50F6}.Debug|Any CPU.ActiveCfg = Debug|Any CPU
		{F1CAF5F1-2595-4772-8E7A-CC6DB69A50F6}.Debug|Any CPU.Build.0 = Debug|Any CPU
		{F1CAF5F1-2595-4772-8E7A-CC6DB69A50F6}.Release|Any CPU.ActiveCfg = Release|Any CPU
		{F1CAF5F1-2595-4772-8E7A-CC6DB69A50F6}.Release|Any CPU.Build.0 = Release|Any CPU
		{39BACEDD-F37A-405B-A780-EA9D644FDFDD}.Debug|Any CPU.ActiveCfg = Debug|Any CPU
		{39BACEDD-F37A-405B-A780-EA9D644FDFDD}.Debug|Any CPU.Build.0 = Debug|Any CPU
		{39BACEDD-F37A-405B-A780-EA9D644FDFDD}.Release|Any CPU.ActiveCfg = Release|Any CPU
		{39BACEDD-F37A-405B-A780-EA9D644FDFDD}.Release|Any CPU.Build.0 = Release|Any CPU
		{5DFD13DA-BDEC-42EF-B554-3557B5A503F9}.Debug|Any CPU.ActiveCfg = Debug|Any CPU
		{5DFD13DA-BDEC-42EF-B554-3557B5A503F9}.Debug|Any CPU.Build.0 = Debug|Any CPU
		{5DFD13DA-BDEC-42EF-B554-3557B5A503F9}.Release|Any CPU.ActiveCfg = Release|Any CPU
		{5DFD13DA-BDEC-42EF-B554-3557B5A503F9}.Release|Any CPU.Build.0 = Release|Any CPU
		{E55C1023-A02A-40E4-8E6E-B306DFED8266}.Debug|Any CPU.ActiveCfg = Debug|Any CPU
		{E55C1023-A02A-40E4-8E6E-B306DFED8266}.Debug|Any CPU.Build.0 = Debug|Any CPU
		{E55C1023-A02A-40E4-8E6E-B306DFED8266}.Release|Any CPU.ActiveCfg = Release|Any CPU
		{E55C1023-A02A-40E4-8E6E-B306DFED8266}.Release|Any CPU.Build.0 = Release|Any CPU
		{2760CC90-B630-43F2-8C9B-BCFFBF497C9E}.Debug|Any CPU.ActiveCfg = Debug|Any CPU
		{2760CC90-B630-43F2-8C9B-BCFFBF497C9E}.Debug|Any CPU.Build.0 = Debug|Any CPU
		{2760CC90-B630-43F2-8C9B-BCFFBF497C9E}.Release|Any CPU.ActiveCfg = Release|Any CPU
		{2760CC90-B630-43F2-8C9B-BCFFBF497C9E}.Release|Any CPU.Build.0 = Release|Any CPU
		{0B84360D-16A4-460F-AC33-9D308522E75C}.Debug|Any CPU.ActiveCfg = Debug|Any CPU
		{0B84360D-16A4-460F-AC33-9D308522E75C}.Debug|Any CPU.Build.0 = Debug|Any CPU
		{0B84360D-16A4-460F-AC33-9D308522E75C}.Release|Any CPU.ActiveCfg = Release|Any CPU
		{0B84360D-16A4-460F-AC33-9D308522E75C}.Release|Any CPU.Build.0 = Release|Any CPU
		{6363BB5A-3D05-4D2F-AD50-795886C5597E}.Debug|Any CPU.ActiveCfg = Debug|Any CPU
		{6363BB5A-3D05-4D2F-AD50-795886C5597E}.Debug|Any CPU.Build.0 = Debug|Any CPU
		{6363BB5A-3D05-4D2F-AD50-795886C5597E}.Release|Any CPU.ActiveCfg = Release|Any CPU
		{6363BB5A-3D05-4D2F-AD50-795886C5597E}.Release|Any CPU.Build.0 = Release|Any CPU
		{8075CAD5-0BEC-4E9E-904D-A846E263C758}.Debug|Any CPU.ActiveCfg = Debug|Any CPU
		{8075CAD5-0BEC-4E9E-904D-A846E263C758}.Debug|Any CPU.Build.0 = Debug|Any CPU
		{8075CAD5-0BEC-4E9E-904D-A846E263C758}.Release|Any CPU.ActiveCfg = Release|Any CPU
		{8075CAD5-0BEC-4E9E-904D-A846E263C758}.Release|Any CPU.Build.0 = Release|Any CPU
		{B0DF6F3F-866C-4701-A4AF-806B45492569}.Debug|Any CPU.ActiveCfg = Debug|Any CPU
		{B0DF6F3F-866C-4701-A4AF-806B45492569}.Debug|Any CPU.Build.0 = Debug|Any CPU
		{B0DF6F3F-866C-4701-A4AF-806B45492569}.Release|Any CPU.ActiveCfg = Release|Any CPU
		{B0DF6F3F-866C-4701-A4AF-806B45492569}.Release|Any CPU.Build.0 = Release|Any CPU
		{12C653BE-E433-48BE-8FC7-872C69639B65}.Debug|Any CPU.ActiveCfg = Debug|Any CPU
		{12C653BE-E433-48BE-8FC7-872C69639B65}.Debug|Any CPU.Build.0 = Debug|Any CPU
		{12C653BE-E433-48BE-8FC7-872C69639B65}.Release|Any CPU.ActiveCfg = Release|Any CPU
		{12C653BE-E433-48BE-8FC7-872C69639B65}.Release|Any CPU.Build.0 = Release|Any CPU
		{37D5124F-359A-43DC-A457-2C634059FE88}.Debug|Any CPU.ActiveCfg = Debug|Any CPU
		{37D5124F-359A-43DC-A457-2C634059FE88}.Debug|Any CPU.Build.0 = Debug|Any CPU
		{37D5124F-359A-43DC-A457-2C634059FE88}.Release|Any CPU.ActiveCfg = Release|Any CPU
		{37D5124F-359A-43DC-A457-2C634059FE88}.Release|Any CPU.Build.0 = Release|Any CPU
		{8E4F5FAF-DA17-4113-8879-D0CA63F1065F}.Debug|Any CPU.ActiveCfg = Debug|Any CPU
		{8E4F5FAF-DA17-4113-8879-D0CA63F1065F}.Debug|Any CPU.Build.0 = Debug|Any CPU
		{8E4F5FAF-DA17-4113-8879-D0CA63F1065F}.Release|Any CPU.ActiveCfg = Release|Any CPU
		{8E4F5FAF-DA17-4113-8879-D0CA63F1065F}.Release|Any CPU.Build.0 = Release|Any CPU
		{84C0D410-C995-4C52-8DF9-4DE3F65F7A60}.Debug|Any CPU.ActiveCfg = Debug|Any CPU
		{84C0D410-C995-4C52-8DF9-4DE3F65F7A60}.Debug|Any CPU.Build.0 = Debug|Any CPU
		{84C0D410-C995-4C52-8DF9-4DE3F65F7A60}.Release|Any CPU.ActiveCfg = Release|Any CPU
		{84C0D410-C995-4C52-8DF9-4DE3F65F7A60}.Release|Any CPU.Build.0 = Release|Any CPU
		{A9E4F56A-1946-456B-BF44-D9BECF6EF7C2}.Debug|Any CPU.ActiveCfg = Debug|Any CPU
		{A9E4F56A-1946-456B-BF44-D9BECF6EF7C2}.Debug|Any CPU.Build.0 = Debug|Any CPU
		{A9E4F56A-1946-456B-BF44-D9BECF6EF7C2}.Release|Any CPU.ActiveCfg = Release|Any CPU
		{A9E4F56A-1946-456B-BF44-D9BECF6EF7C2}.Release|Any CPU.Build.0 = Release|Any CPU
		{79905930-BABF-4D99-A19B-E530D0FBABE4}.Debug|Any CPU.ActiveCfg = Debug|Any CPU
		{79905930-BABF-4D99-A19B-E530D0FBABE4}.Debug|Any CPU.Build.0 = Debug|Any CPU
		{79905930-BABF-4D99-A19B-E530D0FBABE4}.Release|Any CPU.ActiveCfg = Release|Any CPU
		{79905930-BABF-4D99-A19B-E530D0FBABE4}.Release|Any CPU.Build.0 = Release|Any CPU
		{7B52FD15-2BD7-4414-B6AB-D45DBACFBBC0}.Debug|Any CPU.ActiveCfg = Debug|Any CPU
		{7B52FD15-2BD7-4414-B6AB-D45DBACFBBC0}.Debug|Any CPU.Build.0 = Debug|Any CPU
		{7B52FD15-2BD7-4414-B6AB-D45DBACFBBC0}.Release|Any CPU.ActiveCfg = Release|Any CPU
		{7B52FD15-2BD7-4414-B6AB-D45DBACFBBC0}.Release|Any CPU.Build.0 = Release|Any CPU
		{E7F54E30-B260-4D7A-89D9-C2601F95BD1E}.Debug|Any CPU.ActiveCfg = Debug|Any CPU
		{E7F54E30-B260-4D7A-89D9-C2601F95BD1E}.Debug|Any CPU.Build.0 = Debug|Any CPU
		{E7F54E30-B260-4D7A-89D9-C2601F95BD1E}.Release|Any CPU.ActiveCfg = Release|Any CPU
		{E7F54E30-B260-4D7A-89D9-C2601F95BD1E}.Release|Any CPU.Build.0 = Release|Any CPU
		{E7C36259-49E8-477E-BAF4-2D95689F1F79}.Debug|Any CPU.ActiveCfg = Debug|Any CPU
		{E7C36259-49E8-477E-BAF4-2D95689F1F79}.Debug|Any CPU.Build.0 = Debug|Any CPU
		{E7C36259-49E8-477E-BAF4-2D95689F1F79}.Release|Any CPU.ActiveCfg = Release|Any CPU
		{E7C36259-49E8-477E-BAF4-2D95689F1F79}.Release|Any CPU.Build.0 = Release|Any CPU
		{40758C08-F51E-4DD3-9D6F-35BC56403FDA}.Debug|Any CPU.ActiveCfg = Debug|Any CPU
		{40758C08-F51E-4DD3-9D6F-35BC56403FDA}.Debug|Any CPU.Build.0 = Debug|Any CPU
		{40758C08-F51E-4DD3-9D6F-35BC56403FDA}.Release|Any CPU.ActiveCfg = Release|Any CPU
		{40758C08-F51E-4DD3-9D6F-35BC56403FDA}.Release|Any CPU.Build.0 = Release|Any CPU
		{652D111A-C146-423D-B454-6BD4A46C23F4}.Debug|Any CPU.ActiveCfg = Debug|Any CPU
		{652D111A-C146-423D-B454-6BD4A46C23F4}.Debug|Any CPU.Build.0 = Debug|Any CPU
		{652D111A-C146-423D-B454-6BD4A46C23F4}.Release|Any CPU.ActiveCfg = Release|Any CPU
		{652D111A-C146-423D-B454-6BD4A46C23F4}.Release|Any CPU.Build.0 = Release|Any CPU
		{B1A61184-D5F8-4752-95AB-82CAFC741EA2}.Debug|Any CPU.ActiveCfg = Debug|Any CPU
		{B1A61184-D5F8-4752-95AB-82CAFC741EA2}.Debug|Any CPU.Build.0 = Debug|Any CPU
		{B1A61184-D5F8-4752-95AB-82CAFC741EA2}.Release|Any CPU.ActiveCfg = Release|Any CPU
		{B1A61184-D5F8-4752-95AB-82CAFC741EA2}.Release|Any CPU.Build.0 = Release|Any CPU
		{EAE2DC02-23CF-4BF7-A0FF-1108DAC11D85}.Debug|Any CPU.ActiveCfg = Debug|Any CPU
		{EAE2DC02-23CF-4BF7-A0FF-1108DAC11D85}.Debug|Any CPU.Build.0 = Debug|Any CPU
		{EAE2DC02-23CF-4BF7-A0FF-1108DAC11D85}.Release|Any CPU.ActiveCfg = Release|Any CPU
		{EAE2DC02-23CF-4BF7-A0FF-1108DAC11D85}.Release|Any CPU.Build.0 = Release|Any CPU
		{90B8CE20-7BE8-4E14-9891-5A6CFC945E3E}.Debug|Any CPU.ActiveCfg = Debug|Any CPU
		{90B8CE20-7BE8-4E14-9891-5A6CFC945E3E}.Debug|Any CPU.Build.0 = Debug|Any CPU
		{90B8CE20-7BE8-4E14-9891-5A6CFC945E3E}.Release|Any CPU.ActiveCfg = Release|Any CPU
		{90B8CE20-7BE8-4E14-9891-5A6CFC945E3E}.Release|Any CPU.Build.0 = Release|Any CPU
	EndGlobalSection
	GlobalSection(SolutionProperties) = preSolution
		HideSolutionNode = FALSE
	EndGlobalSection
	GlobalSection(NestedProjects) = preSolution
		{0D19AC8E-D8FB-4DEF-BAFD-67DB3A7B9876} = {68D41FE2-AF4C-4380-ABEF-FCC4E9DD51B9}
		{9818A349-E097-4950-9976-2B8D899BEBEF} = {68D41FE2-AF4C-4380-ABEF-FCC4E9DD51B9}
		{166020B7-D75E-4E5D-90D9-6DBC76408791} = {68D41FE2-AF4C-4380-ABEF-FCC4E9DD51B9}
		{FB7B5AB5-07CD-410D-8ABB-60B81F9486FB} = {68D41FE2-AF4C-4380-ABEF-FCC4E9DD51B9}
		{3F932BDB-9E3B-4460-9E60-4E03338C9082} = {68D41FE2-AF4C-4380-ABEF-FCC4E9DD51B9}
		{FF67CE55-DFE8-4A3D-BEB8-4C59E3504919} = {68D41FE2-AF4C-4380-ABEF-FCC4E9DD51B9}
		{B16CE577-6258-4F95-9243-4BDAA5E4E504} = {68D41FE2-AF4C-4380-ABEF-FCC4E9DD51B9}
		{FC3B880E-FD96-4F2E-A47D-5B7FAED682D3} = {68D41FE2-AF4C-4380-ABEF-FCC4E9DD51B9}
		{3A83CF49-7ABC-47E7-AD5F-AA93ACB3AA77} = {68D41FE2-AF4C-4380-ABEF-FCC4E9DD51B9}
		{A935956F-1AD4-4D3B-ACA7-0E55D6578FA0} = {68D41FE2-AF4C-4380-ABEF-FCC4E9DD51B9}
		{53CDBA6D-A78F-441E-8CCB-2FDBA172839C} = {68D41FE2-AF4C-4380-ABEF-FCC4E9DD51B9}
		{05BD2B2F-9233-4FC4-ACC6-0BB7CE45138F} = {68D41FE2-AF4C-4380-ABEF-FCC4E9DD51B9}
		{1166D688-2CBC-4C62-867C-5379F6AB6551} = {68D41FE2-AF4C-4380-ABEF-FCC4E9DD51B9}
		{2A441287-DCDF-486D-B77C-F3F147DF8B62} = {68D41FE2-AF4C-4380-ABEF-FCC4E9DD51B9}
		{152708DE-651C-4F36-B0A1-A75A1A4A9B83} = {68D41FE2-AF4C-4380-ABEF-FCC4E9DD51B9}
		{A8C970C1-56B8-4DF4-91B1-02FE373EEF7C} = {68D41FE2-AF4C-4380-ABEF-FCC4E9DD51B9}
		{9CD27AD5-E092-4D63-85FF-94678A43FDB4} = {8B648CD7-ABD0-43C7-B6A8-F5399DFE657D}
		{36E81EAC-15D2-454D-A995-1BC4EEA409E6} = {8B648CD7-ABD0-43C7-B6A8-F5399DFE657D}
		{F1CAF5F1-2595-4772-8E7A-CC6DB69A50F6} = {8B648CD7-ABD0-43C7-B6A8-F5399DFE657D}
		{39BACEDD-F37A-405B-A780-EA9D644FDFDD} = {8B648CD7-ABD0-43C7-B6A8-F5399DFE657D}
		{5DFD13DA-BDEC-42EF-B554-3557B5A503F9} = {8B648CD7-ABD0-43C7-B6A8-F5399DFE657D}
		{E55C1023-A02A-40E4-8E6E-B306DFED8266} = {8B648CD7-ABD0-43C7-B6A8-F5399DFE657D}
		{2760CC90-B630-43F2-8C9B-BCFFBF497C9E} = {8B648CD7-ABD0-43C7-B6A8-F5399DFE657D}
		{0B84360D-16A4-460F-AC33-9D308522E75C} = {8B648CD7-ABD0-43C7-B6A8-F5399DFE657D}
		{6363BB5A-3D05-4D2F-AD50-795886C5597E} = {8B648CD7-ABD0-43C7-B6A8-F5399DFE657D}
		{8075CAD5-0BEC-4E9E-904D-A846E263C758} = {8B648CD7-ABD0-43C7-B6A8-F5399DFE657D}
		{B0DF6F3F-866C-4701-A4AF-806B45492569} = {8B648CD7-ABD0-43C7-B6A8-F5399DFE657D}
		{12C653BE-E433-48BE-8FC7-872C69639B65} = {8B648CD7-ABD0-43C7-B6A8-F5399DFE657D}
		{37D5124F-359A-43DC-A457-2C634059FE88} = {8B648CD7-ABD0-43C7-B6A8-F5399DFE657D}
		{8E4F5FAF-DA17-4113-8879-D0CA63F1065F} = {8B648CD7-ABD0-43C7-B6A8-F5399DFE657D}
		{84C0D410-C995-4C52-8DF9-4DE3F65F7A60} = {8B648CD7-ABD0-43C7-B6A8-F5399DFE657D}
		{A9E4F56A-1946-456B-BF44-D9BECF6EF7C2} = {0D97030B-64AF-468F-8768-CD44BB85C1D7}
		{79905930-BABF-4D99-A19B-E530D0FBABE4} = {0D97030B-64AF-468F-8768-CD44BB85C1D7}
		{7B52FD15-2BD7-4414-B6AB-D45DBACFBBC0} = {0D97030B-64AF-468F-8768-CD44BB85C1D7}
		{E7F54E30-B260-4D7A-89D9-C2601F95BD1E} = {0D97030B-64AF-468F-8768-CD44BB85C1D7}
		{E7C36259-49E8-477E-BAF4-2D95689F1F79} = {0D97030B-64AF-468F-8768-CD44BB85C1D7}
		{40758C08-F51E-4DD3-9D6F-35BC56403FDA} = {0D97030B-64AF-468F-8768-CD44BB85C1D7}
		{652D111A-C146-423D-B454-6BD4A46C23F4} = {0D97030B-64AF-468F-8768-CD44BB85C1D7}
		{B1A61184-D5F8-4752-95AB-82CAFC741EA2} = {0D97030B-64AF-468F-8768-CD44BB85C1D7}
		{EAE2DC02-23CF-4BF7-A0FF-1108DAC11D85} = {0D97030B-64AF-468F-8768-CD44BB85C1D7}
		{90B8CE20-7BE8-4E14-9891-5A6CFC945E3E} = {0D97030B-64AF-468F-8768-CD44BB85C1D7}
	EndGlobalSection
	GlobalSection(ExtensibilityGlobals) = postSolution
		SolutionGuid = {F796753A-3387-4A22-B910-36461150A156}
	EndGlobalSection
EndGlobal
