
Microsoft Visual Studio Solution File, Format Version 12.00
# Visual Studio 15
VisualStudioVersion = 15.0.28010.2046
MinimumVisualStudioVersion = 10.0.40219.1
Project("{9A19103F-16F7-4668-BE54-9A1E7A4F7556}") = "1.Regeh", "1.Regeh\1.Regeh.csproj", "{45667949-2049-4A3C-AF20-54833B956250}"
EndProject
Project("{9A19103F-16F7-4668-BE54-9A1E7A4F7556}") = "4.Hospital", "4.Hospital\4.Hospital.csproj", "{9B6CF711-0EAB-4F7D-8C10-69EFA03B3B22}"
EndProject
Project("{9A19103F-16F7-4668-BE54-9A1E7A4F7556}") = "2. Knight Game", "2. Knight Game\2. Knight Game.csproj", "{654C110C-CD4D-4FD5-BEA2-E345A5D40677}"
EndProject
Project("{9A19103F-16F7-4668-BE54-9A1E7A4F7556}") = "3. Number Wars", "3. Number Wars\3. Number Wars.csproj", "{5B981CB9-6352-428F-97EB-C96C352FF07A}"
EndProject
Project("{FAE04EC0-301F-11D3-BF4B-00C04F79EFBC}") = "2.1 Dangerous Floor", "2.1 Dangerous Floor\2.1 Dangerous Floor.csproj", "{83CE2F64-E449-41AF-85D3-3C08837F5C43}"
EndProject
Project("{FAE04EC0-301F-11D3-BF4B-00C04F79EFBC}") = "2.2. Crypto Master", "2.2. Crypto Master\2.2. Crypto Master.csproj", "{27EE673F-A70A-437A-B091-579029893716}"
EndProject
Project("{FAE04EC0-301F-11D3-BF4B-00C04F79EFBC}") = "2.3 Greedy Times", "2.3 Greedy Times\2.3 Greedy Times.csproj", "{127D184B-4AF6-4BA1-8E31-3FE4D28987EF}"
EndProject
Project("{FAE04EC0-301F-11D3-BF4B-00C04F79EFBC}") = "2.4. Treasure Map", "2.4. Treasure Map\2.4. Treasure Map.csproj", "{BBCFEFBA-2EC4-468E-AA99-8E808A4E4E96}"
EndProject
Global
	GlobalSection(SolutionConfigurationPlatforms) = preSolution
		Debug|Any CPU = Debug|Any CPU
		Release|Any CPU = Release|Any CPU
	EndGlobalSection
	GlobalSection(ProjectConfigurationPlatforms) = postSolution
		{45667949-2049-4A3C-AF20-54833B956250}.Debug|Any CPU.ActiveCfg = Debug|Any CPU
		{45667949-2049-4A3C-AF20-54833B956250}.Debug|Any CPU.Build.0 = Debug|Any CPU
		{45667949-2049-4A3C-AF20-54833B956250}.Release|Any CPU.ActiveCfg = Release|Any CPU
		{45667949-2049-4A3C-AF20-54833B956250}.Release|Any CPU.Build.0 = Release|Any CPU
		{9B6CF711-0EAB-4F7D-8C10-69EFA03B3B22}.Debug|Any CPU.ActiveCfg = Debug|Any CPU
		{9B6CF711-0EAB-4F7D-8C10-69EFA03B3B22}.Debug|Any CPU.Build.0 = Debug|Any CPU
		{9B6CF711-0EAB-4F7D-8C10-69EFA03B3B22}.Release|Any CPU.ActiveCfg = Release|Any CPU
		{9B6CF711-0EAB-4F7D-8C10-69EFA03B3B22}.Release|Any CPU.Build.0 = Release|Any CPU
		{654C110C-CD4D-4FD5-BEA2-E345A5D40677}.Debug|Any CPU.ActiveCfg = Debug|Any CPU
		{654C110C-CD4D-4FD5-BEA2-E345A5D40677}.Debug|Any CPU.Build.0 = Debug|Any CPU
		{654C110C-CD4D-4FD5-BEA2-E345A5D40677}.Release|Any CPU.ActiveCfg = Release|Any CPU
		{654C110C-CD4D-4FD5-BEA2-E345A5D40677}.Release|Any CPU.Build.0 = Release|Any CPU
		{5B981CB9-6352-428F-97EB-C96C352FF07A}.Debug|Any CPU.ActiveCfg = Debug|Any CPU
		{5B981CB9-6352-428F-97EB-C96C352FF07A}.Debug|Any CPU.Build.0 = Debug|Any CPU
		{5B981CB9-6352-428F-97EB-C96C352FF07A}.Release|Any CPU.ActiveCfg = Release|Any CPU
		{5B981CB9-6352-428F-97EB-C96C352FF07A}.Release|Any CPU.Build.0 = Release|Any CPU
		{83CE2F64-E449-41AF-85D3-3C08837F5C43}.Debug|Any CPU.ActiveCfg = Debug|Any CPU
		{83CE2F64-E449-41AF-85D3-3C08837F5C43}.Debug|Any CPU.Build.0 = Debug|Any CPU
		{83CE2F64-E449-41AF-85D3-3C08837F5C43}.Release|Any CPU.ActiveCfg = Release|Any CPU
		{83CE2F64-E449-41AF-85D3-3C08837F5C43}.Release|Any CPU.Build.0 = Release|Any CPU
		{27EE673F-A70A-437A-B091-579029893716}.Debug|Any CPU.ActiveCfg = Debug|Any CPU
		{27EE673F-A70A-437A-B091-579029893716}.Debug|Any CPU.Build.0 = Debug|Any CPU
		{27EE673F-A70A-437A-B091-579029893716}.Release|Any CPU.ActiveCfg = Release|Any CPU
		{27EE673F-A70A-437A-B091-579029893716}.Release|Any CPU.Build.0 = Release|Any CPU
		{127D184B-4AF6-4BA1-8E31-3FE4D28987EF}.Debug|Any CPU.ActiveCfg = Debug|Any CPU
		{127D184B-4AF6-4BA1-8E31-3FE4D28987EF}.Debug|Any CPU.Build.0 = Debug|Any CPU
		{127D184B-4AF6-4BA1-8E31-3FE4D28987EF}.Release|Any CPU.ActiveCfg = Release|Any CPU
		{127D184B-4AF6-4BA1-8E31-3FE4D28987EF}.Release|Any CPU.Build.0 = Release|Any CPU
		{BBCFEFBA-2EC4-468E-AA99-8E808A4E4E96}.Debug|Any CPU.ActiveCfg = Debug|Any CPU
		{BBCFEFBA-2EC4-468E-AA99-8E808A4E4E96}.Debug|Any CPU.Build.0 = Debug|Any CPU
		{BBCFEFBA-2EC4-468E-AA99-8E808A4E4E96}.Release|Any CPU.ActiveCfg = Release|Any CPU
		{BBCFEFBA-2EC4-468E-AA99-8E808A4E4E96}.Release|Any CPU.Build.0 = Release|Any CPU
	EndGlobalSection
	GlobalSection(SolutionProperties) = preSolution
		HideSolutionNode = FALSE
	EndGlobalSection
	GlobalSection(ExtensibilityGlobals) = postSolution
		SolutionGuid = {C8F9728F-8C7F-47DA-A77C-452318E576A8}
	EndGlobalSection
EndGlobal
